
Microsoft Visual Studio Solution File, Format Version 12.00
# Visual Studio Version 16
VisualStudioVersion = 16.0.31205.134
MinimumVisualStudioVersion = 10.0.40219.1
Project("{FAE04EC0-301F-11D3-BF4B-00C04F79EFBC}") = "XamBMI", "XamBMI.csproj", "{4DC0D4F3-05F2-417E-A7CD-E7A4415E5A0A}"
EndProject
Global
	GlobalSection(SolutionConfigurationPlatforms) = preSolution
		Debug|Any CPU = Debug|Any CPU
		Release|Any CPU = Release|Any CPU
	EndGlobalSection
	GlobalSection(ProjectConfigurationPlatforms) = postSolution
		{4DC0D4F3-05F2-417E-A7CD-E7A4415E5A0A}.Debug|Any CPU.ActiveCfg = Debug|Any CPU
		{4DC0D4F3-05F2-417E-A7CD-E7A4415E5A0A}.Debug|Any CPU.Build.0 = Debug|Any CPU
		{4DC0D4F3-05F2-417E-A7CD-E7A4415E5A0A}.Debug|Any CPU.Deploy.0 = Debug|Any CPU
		{4DC0D4F3-05F2-417E-A7CD-E7A4415E5A0A}.Release|Any CPU.ActiveCfg = Release|Any CPU
		{4DC0D4F3-05F2-417E-A7CD-E7A4415E5A0A}.Release|Any CPU.Build.0 = Release|Any CPU
		{4DC0D4F3-05F2-417E-A7CD-E7A4415E5A0A}.Release|Any CPU.Deploy.0 = Release|Any CPU
	EndGlobalSection
	GlobalSection(SolutionProperties) = preSolution
		HideSolutionNode = FALSE
	EndGlobalSection
	GlobalSection(ExtensibilityGlobals) = postSolution
		SolutionGuid = {BC65B663-4C5E-4969-8845-405467E424CD}
	EndGlobalSection
EndGlobal
